
Microsoft Visual Studio Solution File, Format Version 12.00
# Visual Studio 15
VisualStudioVersion = 15.0.26730.16
MinimumVisualStudioVersion = 10.0.40219.1
Project("{FAE04EC0-301F-11D3-BF4B-00C04F79EFBC}") = "Mxg.Jobs", "Mxg.Jobs\Mxg.Jobs.csproj", "{109947F4-D441-4AF3-B0DA-0948C5075A8E}"
EndProject
Project("{FAE04EC0-301F-11D3-BF4B-00C04F79EFBC}") = "Samples", "Samples\Samples.csproj", "{D64C53FE-BFB6-4B39-9624-DB0FAF7ACE9E}"
EndProject
Global
	GlobalSection(SolutionConfigurationPlatforms) = preSolution
		Debug|Any CPU = Debug|Any CPU
		Release|Any CPU = Release|Any CPU
	EndGlobalSection
	GlobalSection(ProjectConfigurationPlatforms) = postSolution
		{109947F4-D441-4AF3-B0DA-0948C5075A8E}.Debug|Any CPU.ActiveCfg = Debug|Any CPU
		{109947F4-D441-4AF3-B0DA-0948C5075A8E}.Debug|Any CPU.Build.0 = Debug|Any CPU
		{109947F4-D441-4AF3-B0DA-0948C5075A8E}.Release|Any CPU.ActiveCfg = Release|Any CPU
		{109947F4-D441-4AF3-B0DA-0948C5075A8E}.Release|Any CPU.Build.0 = Release|Any CPU
		{D64C53FE-BFB6-4B39-9624-DB0FAF7ACE9E}.Debug|Any CPU.ActiveCfg = Debug|Any CPU
		{D64C53FE-BFB6-4B39-9624-DB0FAF7ACE9E}.Debug|Any CPU.Build.0 = Debug|Any CPU
		{D64C53FE-BFB6-4B39-9624-DB0FAF7ACE9E}.Release|Any CPU.ActiveCfg = Release|Any CPU
		{D64C53FE-BFB6-4B39-9624-DB0FAF7ACE9E}.Release|Any CPU.Build.0 = Release|Any CPU
	EndGlobalSection
	GlobalSection(SolutionProperties) = preSolution
		HideSolutionNode = FALSE
	EndGlobalSection
	GlobalSection(ExtensibilityGlobals) = postSolution
		SolutionGuid = {B0BEB92F-2619-4410-AB77-43AABFC19E3E}
	EndGlobalSection
EndGlobal
